// !$*UTF8*$!
{
	archiveVersion = 1;
	classes = {
	};
	objectVersion = 50;
	objects = {

/* Begin PBXBuildFile section */
		E8616B11237F6DBA00D7E1AA /* AppDelegate.swift in Sources */ = {isa = PBXBuildFile; fileRef = E8616B10237F6DBA00D7E1AA /* AppDelegate.swift */; };
		E8616B13237F6DBA00D7E1AA /* SceneDelegate.swift in Sources */ = {isa = PBXBuildFile; fileRef = E8616B12237F6DBA00D7E1AA /* SceneDelegate.swift */; };
		E8616B18237F6DBA00D7E1AA /* Main.storyboard in Resources */ = {isa = PBXBuildFile; fileRef = E8616B16237F6DBA00D7E1AA /* Main.storyboard */; };
		E8616B1A237F6DBB00D7E1AA /* Assets.xcassets in Resources */ = {isa = PBXBuildFile; fileRef = E8616B19237F6DBB00D7E1AA /* Assets.xcassets */; };
		E8616B1D237F6DBB00D7E1AA /* LaunchScreen.storyboard in Resources */ = {isa = PBXBuildFile; fileRef = E8616B1B237F6DBB00D7E1AA /* LaunchScreen.storyboard */; };
		E89EA162237FE43F0088B545 /* WeatherCell.swift in Sources */ = {isa = PBXBuildFile; fileRef = E89EA161237FE43F0088B545 /* WeatherCell.swift */; };
		E89EA165237FEA770088B545 /* Webservice.swift in Sources */ = {isa = PBXBuildFile; fileRef = E89EA164237FEA770088B545 /* Webservice.swift */; };
		E89EA168237FF56D0088B545 /* WeatherListViewModel.swift in Sources */ = {isa = PBXBuildFile; fileRef = E89EA167237FF56D0088B545 /* WeatherListViewModel.swift */; };
		E8AAE612237F849000709F2A /* WeatherListTableViewController.swift in Sources */ = {isa = PBXBuildFile; fileRef = E8AAE611237F849000709F2A /* WeatherListTableViewController.swift */; };
		E8AAE614237F851500709F2A /* AddWeatherCityViewController.swift in Sources */ = {isa = PBXBuildFile; fileRef = E8AAE613237F851500709F2A /* AddWeatherCityViewController.swift */; };
		E8B3CF972380FD0900F7F748 /* Double+Extensions.swift in Sources */ = {isa = PBXBuildFile; fileRef = E8B3CF962380FD0900F7F748 /* Double+Extensions.swift */; };
		E8B3CF99238107B000F7F748 /* SettingsTableViewController.swift in Sources */ = {isa = PBXBuildFile; fileRef = E8B3CF98238107B000F7F748 /* SettingsTableViewController.swift */; };
		E8C5FAFC2383D7EF00E4F949 /* AddCityViewModel.swift in Sources */ = {isa = PBXBuildFile; fileRef = E8C5FAFB2383D7EF00E4F949 /* AddCityViewModel.swift */; };
		E8C5FAFF2383D87300E4F949 /* BindingTextField.swift in Sources */ = {isa = PBXBuildFile; fileRef = E8C5FAFE2383D87300E4F949 /* BindingTextField.swift */; };
		E8C5FB012383DEBE00E4F949 /* WeatherDetailsViewController.swift in Sources */ = {isa = PBXBuildFile; fileRef = E8C5FB002383DEBE00E4F949 /* WeatherDetailsViewController.swift */; };
		E8CA6BF02381FE6F00CAA651 /* SettingsViewModel.swift in Sources */ = {isa = PBXBuildFile; fileRef = E8CA6BEF2381FE6F00CAA651 /* SettingsViewModel.swift */; };
		ED51F2702412CC57002A0ABB /* TableViewDataSource.swift in Sources */ = {isa = PBXBuildFile; fileRef = ED51F26F2412CC57002A0ABB /* TableViewDataSource.swift */; };
		ED51F2B32412ED25002A0ABB /* SettingsViewModelTests.swift in Sources */ = {isa = PBXBuildFile; fileRef = ED51F2B22412ED25002A0ABB /* SettingsViewModelTests.swift */; };
		EDBD0EF72412A46C00EA237D /* WeatherDataSource.swift in Sources */ = {isa = PBXBuildFile; fileRef = EDBD0EF62412A46C00EA237D /* WeatherDataSource.swift */; };
/* End PBXBuildFile section */

/* Begin PBXContainerItemProxy section */
		ED51F2AD2412EBEF002A0ABB /* PBXContainerItemProxy */ = {
			isa = PBXContainerItemProxy;
			containerPortal = E8616B05237F6DB900D7E1AA /* Project object */;
			proxyType = 1;
			remoteGlobalIDString = E8616B0C237F6DB900D7E1AA;
			remoteInfo = GoodWeather;
		};
/* End PBXContainerItemProxy section */

/* Begin PBXFileReference section */
		E8616B0D237F6DB900D7E1AA /* GoodWeather.app */ = {isa = PBXFileReference; explicitFileType = wrapper.application; includeInIndex = 0; path = GoodWeather.app; sourceTree = BUILT_PRODUCTS_DIR; };
		E8616B10237F6DBA00D7E1AA /* AppDelegate.swift */ = {isa = PBXFileReference; lastKnownFileType = sourcecode.swift; path = AppDelegate.swift; sourceTree = "<group>"; };
		E8616B12237F6DBA00D7E1AA /* SceneDelegate.swift */ = {isa = PBXFileReference; lastKnownFileType = sourcecode.swift; path = SceneDelegate.swift; sourceTree = "<group>"; };
		E8616B17237F6DBA00D7E1AA /* Base */ = {isa = PBXFileReference; lastKnownFileType = file.storyboard; name = Base; path = Base.lproj/Main.storyboard; sourceTree = "<group>"; };
		E8616B19237F6DBB00D7E1AA /* Assets.xcassets */ = {isa = PBXFileReference; lastKnownFileType = folder.assetcatalog; path = Assets.xcassets; sourceTree = "<group>"; };
		E8616B1C237F6DBB00D7E1AA /* Base */ = {isa = PBXFileReference; lastKnownFileType = file.storyboard; name = Base; path = Base.lproj/LaunchScreen.storyboard; sourceTree = "<group>"; };
		E8616B1E237F6DBB00D7E1AA /* Info.plist */ = {isa = PBXFileReference; lastKnownFileType = text.plist.xml; path = Info.plist; sourceTree = "<group>"; };
		E89EA161237FE43F0088B545 /* WeatherCell.swift */ = {isa = PBXFileReference; lastKnownFileType = sourcecode.swift; path = WeatherCell.swift; sourceTree = "<group>"; };
		E89EA164237FEA770088B545 /* Webservice.swift */ = {isa = PBXFileReference; lastKnownFileType = sourcecode.swift; path = Webservice.swift; sourceTree = "<group>"; };
		E89EA167237FF56D0088B545 /* WeatherListViewModel.swift */ = {isa = PBXFileReference; lastKnownFileType = sourcecode.swift; path = WeatherListViewModel.swift; sourceTree = "<group>"; };
		E8AAE611237F849000709F2A /* WeatherListTableViewController.swift */ = {isa = PBXFileReference; lastKnownFileType = sourcecode.swift; path = WeatherListTableViewController.swift; sourceTree = "<group>"; };
		E8AAE613237F851500709F2A /* AddWeatherCityViewController.swift */ = {isa = PBXFileReference; lastKnownFileType = sourcecode.swift; path = AddWeatherCityViewController.swift; sourceTree = "<group>"; };
		E8B3CF962380FD0900F7F748 /* Double+Extensions.swift */ = {isa = PBXFileReference; lastKnownFileType = sourcecode.swift; path = "Double+Extensions.swift"; sourceTree = "<group>"; };
		E8B3CF98238107B000F7F748 /* SettingsTableViewController.swift */ = {isa = PBXFileReference; lastKnownFileType = sourcecode.swift; path = SettingsTableViewController.swift; sourceTree = "<group>"; };
		E8C5FAFB2383D7EF00E4F949 /* AddCityViewModel.swift */ = {isa = PBXFileReference; lastKnownFileType = sourcecode.swift; path = AddCityViewModel.swift; sourceTree = "<group>"; };
		E8C5FAFE2383D87300E4F949 /* BindingTextField.swift */ = {isa = PBXFileReference; lastKnownFileType = sourcecode.swift; path = BindingTextField.swift; sourceTree = "<group>"; };
		E8C5FB002383DEBE00E4F949 /* WeatherDetailsViewController.swift */ = {isa = PBXFileReference; lastKnownFileType = sourcecode.swift; path = WeatherDetailsViewController.swift; sourceTree = "<group>"; };
		E8CA6BEF2381FE6F00CAA651 /* SettingsViewModel.swift */ = {isa = PBXFileReference; lastKnownFileType = sourcecode.swift; path = SettingsViewModel.swift; sourceTree = "<group>"; };
		ED51F26F2412CC57002A0ABB /* TableViewDataSource.swift */ = {isa = PBXFileReference; lastKnownFileType = sourcecode.swift; path = TableViewDataSource.swift; sourceTree = "<group>"; };
		ED51F2A82412EBEF002A0ABB /* GoodWeatherTests.xctest */ = {isa = PBXFileReference; explicitFileType = wrapper.cfbundle; includeInIndex = 0; path = GoodWeatherTests.xctest; sourceTree = BUILT_PRODUCTS_DIR; };
		ED51F2AC2412EBEF002A0ABB /* Info.plist */ = {isa = PBXFileReference; lastKnownFileType = text.plist.xml; path = Info.plist; sourceTree = "<group>"; };
		ED51F2B22412ED25002A0ABB /* SettingsViewModelTests.swift */ = {isa = PBXFileReference; lastKnownFileType = sourcecode.swift; path = SettingsViewModelTests.swift; sourceTree = "<group>"; };
		EDBD0EF62412A46C00EA237D /* WeatherDataSource.swift */ = {isa = PBXFileReference; lastKnownFileType = sourcecode.swift; path = WeatherDataSource.swift; sourceTree = "<group>"; };
/* End PBXFileReference section */

/* Begin PBXFrameworksBuildPhase section */
		E8616B0A237F6DB900D7E1AA /* Frameworks */ = {
			isa = PBXFrameworksBuildPhase;
			buildActionMask = 2147483647;
			files = (
			);
			runOnlyForDeploymentPostprocessing = 0;
		};
		ED51F2A52412EBEF002A0ABB /* Frameworks */ = {
			isa = PBXFrameworksBuildPhase;
			buildActionMask = 2147483647;
			files = (
			);
			runOnlyForDeploymentPostprocessing = 0;
		};
/* End PBXFrameworksBuildPhase section */

/* Begin PBXGroup section */
		E8616B04237F6DB900D7E1AA = {
			isa = PBXGroup;
			children = (
				E8616B0F237F6DB900D7E1AA /* GoodWeather */,
				ED51F2A92412EBEF002A0ABB /* GoodWeatherTests */,
				E8616B0E237F6DB900D7E1AA /* Products */,
			);
			sourceTree = "<group>";
		};
		E8616B0E237F6DB900D7E1AA /* Products */ = {
			isa = PBXGroup;
			children = (
				E8616B0D237F6DB900D7E1AA /* GoodWeather.app */,
				ED51F2A82412EBEF002A0ABB /* GoodWeatherTests.xctest */,
			);
			name = Products;
			sourceTree = "<group>";
		};
		E8616B0F237F6DB900D7E1AA /* GoodWeather */ = {
			isa = PBXGroup;
			children = (
				EDBD0EF52412A3C100EA237D /* Data Source */,
				E8C5FAFD2383D85D00E4F949 /* Cusom Controls */,
				E8B3CF952380FCF500F7F748 /* Extensions */,
				E89EA166237FF55C0088B545 /* ViewModel */,
				E89EA163237FEA460088B545 /* Services */,
				E89EA160237FE4220088B545 /* Custom Cells */,
				E8AAE610237F846D00709F2A /* Controllers */,
				E8616B10237F6DBA00D7E1AA /* AppDelegate.swift */,
				E8616B12237F6DBA00D7E1AA /* SceneDelegate.swift */,
				E8616B16237F6DBA00D7E1AA /* Main.storyboard */,
				E8616B19237F6DBB00D7E1AA /* Assets.xcassets */,
				E8616B1B237F6DBB00D7E1AA /* LaunchScreen.storyboard */,
				E8616B1E237F6DBB00D7E1AA /* Info.plist */,
			);
			path = GoodWeather;
			sourceTree = "<group>";
		};
		E89EA160237FE4220088B545 /* Custom Cells */ = {
			isa = PBXGroup;
			children = (
				E89EA161237FE43F0088B545 /* WeatherCell.swift */,
			);
			path = "Custom Cells";
			sourceTree = "<group>";
		};
		E89EA163237FEA460088B545 /* Services */ = {
			isa = PBXGroup;
			children = (
				E89EA164237FEA770088B545 /* Webservice.swift */,
			);
			path = Services;
			sourceTree = "<group>";
		};
		E89EA166237FF55C0088B545 /* ViewModel */ = {
			isa = PBXGroup;
			children = (
				E8CA6BEF2381FE6F00CAA651 /* SettingsViewModel.swift */,
				E89EA167237FF56D0088B545 /* WeatherListViewModel.swift */,
				E8C5FAFB2383D7EF00E4F949 /* AddCityViewModel.swift */,
			);
			path = ViewModel;
			sourceTree = "<group>";
		};
		E8AAE610237F846D00709F2A /* Controllers */ = {
			isa = PBXGroup;
			children = (
				E8AAE613237F851500709F2A /* AddWeatherCityViewController.swift */,
				E8B3CF98238107B000F7F748 /* SettingsTableViewController.swift */,
				E8AAE611237F849000709F2A /* WeatherListTableViewController.swift */,
				E8C5FB002383DEBE00E4F949 /* WeatherDetailsViewController.swift */,
			);
			path = Controllers;
			sourceTree = "<group>";
		};
		E8B3CF952380FCF500F7F748 /* Extensions */ = {
			isa = PBXGroup;
			children = (
				E8B3CF962380FD0900F7F748 /* Double+Extensions.swift */,
			);
			path = Extensions;
			sourceTree = "<group>";
		};
		E8C5FAFD2383D85D00E4F949 /* Cusom Controls */ = {
			isa = PBXGroup;
			children = (
				E8C5FAFE2383D87300E4F949 /* BindingTextField.swift */,
			);
			path = "Cusom Controls";
			sourceTree = "<group>";
		};
		ED51F2A92412EBEF002A0ABB /* GoodWeatherTests */ = {
			isa = PBXGroup;
			children = (
				ED51F2AC2412EBEF002A0ABB /* Info.plist */,
				ED51F2B22412ED25002A0ABB /* SettingsViewModelTests.swift */,
			);
			path = GoodWeatherTests;
			sourceTree = "<group>";
		};
		EDBD0EF52412A3C100EA237D /* Data Source */ = {
			isa = PBXGroup;
			children = (
				EDBD0EF62412A46C00EA237D /* WeatherDataSource.swift */,
				ED51F26F2412CC57002A0ABB /* TableViewDataSource.swift */,
			);
			path = "Data Source";
			sourceTree = "<group>";
		};
/* End PBXGroup section */

/* Begin PBXNativeTarget section */
		E8616B0C237F6DB900D7E1AA /* GoodWeather */ = {
			isa = PBXNativeTarget;
			buildConfigurationList = E8616B21237F6DBB00D7E1AA /* Build configuration list for PBXNativeTarget "GoodWeather" */;
			buildPhases = (
				E8616B09237F6DB900D7E1AA /* Sources */,
				E8616B0A237F6DB900D7E1AA /* Frameworks */,
				E8616B0B237F6DB900D7E1AA /* Resources */,
			);
			buildRules = (
			);
			dependencies = (
			);
			name = GoodWeather;
			productName = GoodWeather;
			productReference = E8616B0D237F6DB900D7E1AA /* GoodWeather.app */;
			productType = "com.apple.product-type.application";
		};
		ED51F2A72412EBEF002A0ABB /* GoodWeatherTests */ = {
			isa = PBXNativeTarget;
			buildConfigurationList = ED51F2B12412EBEF002A0ABB /* Build configuration list for PBXNativeTarget "GoodWeatherTests" */;
			buildPhases = (
				ED51F2A42412EBEF002A0ABB /* Sources */,
				ED51F2A52412EBEF002A0ABB /* Frameworks */,
				ED51F2A62412EBEF002A0ABB /* Resources */,
			);
			buildRules = (
			);
			dependencies = (
				ED51F2AE2412EBEF002A0ABB /* PBXTargetDependency */,
			);
			name = GoodWeatherTests;
			productName = GoodWeatherTests;
			productReference = ED51F2A82412EBEF002A0ABB /* GoodWeatherTests.xctest */;
			productType = "com.apple.product-type.bundle.unit-test";
		};
/* End PBXNativeTarget section */

/* Begin PBXProject section */
		E8616B05237F6DB900D7E1AA /* Project object */ = {
			isa = PBXProject;
			attributes = {
				LastSwiftUpdateCheck = 1130;
				LastUpgradeCheck = 1120;
				ORGANIZATIONNAME = "Lucas Inocencio";
				TargetAttributes = {
					E8616B0C237F6DB900D7E1AA = {
						CreatedOnToolsVersion = 11.2.1;
					};
					ED51F2A72412EBEF002A0ABB = {
						CreatedOnToolsVersion = 11.3.1;
						TestTargetID = E8616B0C237F6DB900D7E1AA;
					};
				};
			};
			buildConfigurationList = E8616B08237F6DB900D7E1AA /* Build configuration list for PBXProject "GoodWeather" */;
			compatibilityVersion = "Xcode 9.3";
			developmentRegion = en;
			hasScannedForEncodings = 0;
			knownRegions = (
				en,
				Base,
			);
			mainGroup = E8616B04237F6DB900D7E1AA;
			productRefGroup = E8616B0E237F6DB900D7E1AA /* Products */;
			projectDirPath = "";
			projectRoot = "";
			targets = (
				E8616B0C237F6DB900D7E1AA /* GoodWeather */,
				ED51F2A72412EBEF002A0ABB /* GoodWeatherTests */,
			);
		};
/* End PBXProject section */

/* Begin PBXResourcesBuildPhase section */
		E8616B0B237F6DB900D7E1AA /* Resources */ = {
			isa = PBXResourcesBuildPhase;
			buildActionMask = 2147483647;
			files = (
				E8616B1D237F6DBB00D7E1AA /* LaunchScreen.storyboard in Resources */,
				E8616B1A237F6DBB00D7E1AA /* Assets.xcassets in Resources */,
				E8616B18237F6DBA00D7E1AA /* Main.storyboard in Resources */,
			);
			runOnlyForDeploymentPostprocessing = 0;
		};
		ED51F2A62412EBEF002A0ABB /* Resources */ = {
			isa = PBXResourcesBuildPhase;
			buildActionMask = 2147483647;
			files = (
			);
			runOnlyForDeploymentPostprocessing = 0;
		};
/* End PBXResourcesBuildPhase section */

/* Begin PBXSourcesBuildPhase section */
		E8616B09237F6DB900D7E1AA /* Sources */ = {
			isa = PBXSourcesBuildPhase;
			buildActionMask = 2147483647;
			files = (
				E8C5FB012383DEBE00E4F949 /* WeatherDetailsViewController.swift in Sources */,
				E8B3CF972380FD0900F7F748 /* Double+Extensions.swift in Sources */,
				E8C5FAFF2383D87300E4F949 /* BindingTextField.swift in Sources */,
				EDBD0EF72412A46C00EA237D /* WeatherDataSource.swift in Sources */,
				E8AAE612237F849000709F2A /* WeatherListTableViewController.swift in Sources */,
				E8616B11237F6DBA00D7E1AA /* AppDelegate.swift in Sources */,
				ED51F2702412CC57002A0ABB /* TableViewDataSource.swift in Sources */,
				E89EA165237FEA770088B545 /* Webservice.swift in Sources */,
				E89EA168237FF56D0088B545 /* WeatherListViewModel.swift in Sources */,
				E8C5FAFC2383D7EF00E4F949 /* AddCityViewModel.swift in Sources */,
				E8CA6BF02381FE6F00CAA651 /* SettingsViewModel.swift in Sources */,
				E89EA162237FE43F0088B545 /* WeatherCell.swift in Sources */,
				E8AAE614237F851500709F2A /* AddWeatherCityViewController.swift in Sources */,
				E8616B13237F6DBA00D7E1AA /* SceneDelegate.swift in Sources */,
				E8B3CF99238107B000F7F748 /* SettingsTableViewController.swift in Sources */,
			);
			runOnlyForDeploymentPostprocessing = 0;
		};
		ED51F2A42412EBEF002A0ABB /* Sources */ = {
			isa = PBXSourcesBuildPhase;
			buildActionMask = 2147483647;
			files = (
				ED51F2B32412ED25002A0ABB /* SettingsViewModelTests.swift in Sources */,
			);
			runOnlyForDeploymentPostprocessing = 0;
		};
/* End PBXSourcesBuildPhase section */

/* Begin PBXTargetDependency section */
		ED51F2AE2412EBEF002A0ABB /* PBXTargetDependency */ = {
			isa = PBXTargetDependency;
			target = E8616B0C237F6DB900D7E1AA /* GoodWeather */;
			targetProxy = ED51F2AD2412EBEF002A0ABB /* PBXContainerItemProxy */;
		};
/* End PBXTargetDependency section */

/* Begin PBXVariantGroup section */
		E8616B16237F6DBA00D7E1AA /* Main.storyboard */ = {
			isa = PBXVariantGroup;
			children = (
				E8616B17237F6DBA00D7E1AA /* Base */,
			);
			name = Main.storyboard;
			sourceTree = "<group>";
		};
		E8616B1B237F6DBB00D7E1AA /* LaunchScreen.storyboard */ = {
			isa = PBXVariantGroup;
			children = (
				E8616B1C237F6DBB00D7E1AA /* Base */,
			);
			name = LaunchScreen.storyboard;
			sourceTree = "<group>";
		};
/* End PBXVariantGroup section */

/* Begin XCBuildConfiguration section */
		E8616B1F237F6DBB00D7E1AA /* Debug */ = {
			isa = XCBuildConfiguration;
			buildSettings = {
				ALWAYS_SEARCH_USER_PATHS = NO;
				CLANG_ANALYZER_NONNULL = YES;
				CLANG_ANALYZER_NUMBER_OBJECT_CONVERSION = YES_AGGRESSIVE;
				CLANG_CXX_LANGUAGE_STANDARD = "gnu++14";
				CLANG_CXX_LIBRARY = "libc++";
				CLANG_ENABLE_MODULES = YES;
				CLANG_ENABLE_OBJC_ARC = YES;
				CLANG_ENABLE_OBJC_WEAK = YES;
				CLANG_WARN_BLOCK_CAPTURE_AUTORELEASING = YES;
				CLANG_WARN_BOOL_CONVERSION = YES;
				CLANG_WARN_COMMA = YES;
				CLANG_WARN_CONSTANT_CONVERSION = YES;
				CLANG_WARN_DEPRECATED_OBJC_IMPLEMENTATIONS = YES;
				CLANG_WARN_DIRECT_OBJC_ISA_USAGE = YES_ERROR;
				CLANG_WARN_DOCUMENTATION_COMMENTS = YES;
				CLANG_WARN_EMPTY_BODY = YES;
				CLANG_WARN_ENUM_CONVERSION = YES;
				CLANG_WARN_INFINITE_RECURSION = YES;
				CLANG_WARN_INT_CONVERSION = YES;
				CLANG_WARN_NON_LITERAL_NULL_CONVERSION = YES;
				CLANG_WARN_OBJC_IMPLICIT_RETAIN_SELF = YES;
				CLANG_WARN_OBJC_LITERAL_CONVERSION = YES;
				CLANG_WARN_OBJC_ROOT_CLASS = YES_ERROR;
				CLANG_WARN_RANGE_LOOP_ANALYSIS = YES;
				CLANG_WARN_STRICT_PROTOTYPES = YES;
				CLANG_WARN_SUSPICIOUS_MOVE = YES;
				CLANG_WARN_UNGUARDED_AVAILABILITY = YES_AGGRESSIVE;
				CLANG_WARN_UNREACHABLE_CODE = YES;
				CLANG_WARN__DUPLICATE_METHOD_MATCH = YES;
				COPY_PHASE_STRIP = NO;
				DEBUG_INFORMATION_FORMAT = dwarf;
				ENABLE_STRICT_OBJC_MSGSEND = YES;
				ENABLE_TESTABILITY = YES;
				GCC_C_LANGUAGE_STANDARD = gnu11;
				GCC_DYNAMIC_NO_PIC = NO;
				GCC_NO_COMMON_BLOCKS = YES;
				GCC_OPTIMIZATION_LEVEL = 0;
				GCC_PREPROCESSOR_DEFINITIONS = (
					"DEBUG=1",
					"$(inherited)",
				);
				GCC_WARN_64_TO_32_BIT_CONVERSION = YES;
				GCC_WARN_ABOUT_RETURN_TYPE = YES_ERROR;
				GCC_WARN_UNDECLARED_SELECTOR = YES;
				GCC_WARN_UNINITIALIZED_AUTOS = YES_AGGRESSIVE;
				GCC_WARN_UNUSED_FUNCTION = YES;
				GCC_WARN_UNUSED_VARIABLE = YES;
				IPHONEOS_DEPLOYMENT_TARGET = 13.2;
				MTL_ENABLE_DEBUG_INFO = INCLUDE_SOURCE;
				MTL_FAST_MATH = YES;
				ONLY_ACTIVE_ARCH = YES;
				SDKROOT = iphoneos;
				SWIFT_ACTIVE_COMPILATION_CONDITIONS = DEBUG;
				SWIFT_OPTIMIZATION_LEVEL = "-Onone";
			};
			name = Debug;
		};
		E8616B20237F6DBB00D7E1AA /* Release */ = {
			isa = XCBuildConfiguration;
			buildSettings = {
				ALWAYS_SEARCH_USER_PATHS = NO;
				CLANG_ANALYZER_NONNULL = YES;
				CLANG_ANALYZER_NUMBER_OBJECT_CONVERSION = YES_AGGRESSIVE;
				CLANG_CXX_LANGUAGE_STANDARD = "gnu++14";
				CLANG_CXX_LIBRARY = "libc++";
				CLANG_ENABLE_MODULES = YES;
				CLANG_ENABLE_OBJC_ARC = YES;
				CLANG_ENABLE_OBJC_WEAK = YES;
				CLANG_WARN_BLOCK_CAPTURE_AUTORELEASING = YES;
				CLANG_WARN_BOOL_CONVERSION = YES;
				CLANG_WARN_COMMA = YES;
				CLANG_WARN_CONSTANT_CONVERSION = YES;
				CLANG_WARN_DEPRECATED_OBJC_IMPLEMENTATIONS = YES;
				CLANG_WARN_DIRECT_OBJC_ISA_USAGE = YES_ERROR;
				CLANG_WARN_DOCUMENTATION_COMMENTS = YES;
				CLANG_WARN_EMPTY_BODY = YES;
				CLANG_WARN_ENUM_CONVERSION = YES;
				CLANG_WARN_INFINITE_RECURSION = YES;
				CLANG_WARN_INT_CONVERSION = YES;
				CLANG_WARN_NON_LITERAL_NULL_CONVERSION = YES;
				CLANG_WARN_OBJC_IMPLICIT_RETAIN_SELF = YES;
				CLANG_WARN_OBJC_LITERAL_CONVERSION = YES;
				CLANG_WARN_OBJC_ROOT_CLASS = YES_ERROR;
				CLANG_WARN_RANGE_LOOP_ANALYSIS = YES;
				CLANG_WARN_STRICT_PROTOTYPES = YES;
				CLANG_WARN_SUSPICIOUS_MOVE = YES;
				CLANG_WARN_UNGUARDED_AVAILABILITY = YES_AGGRESSIVE;
				CLANG_WARN_UNREACHABLE_CODE = YES;
				CLANG_WARN__DUPLICATE_METHOD_MATCH = YES;
				COPY_PHASE_STRIP = NO;
				DEBUG_INFORMATION_FORMAT = "dwarf-with-dsym";
				ENABLE_NS_ASSERTIONS = NO;
				ENABLE_STRICT_OBJC_MSGSEND = YES;
				GCC_C_LANGUAGE_STANDARD = gnu11;
				GCC_NO_COMMON_BLOCKS = YES;
				GCC_WARN_64_TO_32_BIT_CONVERSION = YES;
				GCC_WARN_ABOUT_RETURN_TYPE = YES_ERROR;
				GCC_WARN_UNDECLARED_SELECTOR = YES;
				GCC_WARN_UNINITIALIZED_AUTOS = YES_AGGRESSIVE;
				GCC_WARN_UNUSED_FUNCTION = YES;
				GCC_WARN_UNUSED_VARIABLE = YES;
				IPHONEOS_DEPLOYMENT_TARGET = 13.2;
				MTL_ENABLE_DEBUG_INFO = NO;
				MTL_FAST_MATH = YES;
				SDKROOT = iphoneos;
				SWIFT_COMPILATION_MODE = wholemodule;
				SWIFT_OPTIMIZATION_LEVEL = "-O";
				VALIDATE_PRODUCT = YES;
			};
			name = Release;
		};
		E8616B22237F6DBB00D7E1AA /* Debug */ = {
			isa = XCBuildConfiguration;
			buildSettings = {
				ASSETCATALOG_COMPILER_APPICON_NAME = AppIcon;
				CODE_SIGN_STYLE = Automatic;
				DEVELOPMENT_TEAM = Y65JAZKR5L;
				INFOPLIST_FILE = GoodWeather/Info.plist;
				LD_RUNPATH_SEARCH_PATHS = (
					"$(inherited)",
					"@executable_path/Frameworks",
				);
				PRODUCT_BUNDLE_IDENTIFIER = com.devemeist3r.GoodWeather;
				PRODUCT_NAME = "$(TARGET_NAME)";
				SWIFT_VERSION = 5.0;
				TARGETED_DEVICE_FAMILY = "1,2";
			};
			name = Debug;
		};
		E8616B23237F6DBB00D7E1AA /* Release */ = {
			isa = XCBuildConfiguration;
			buildSettings = {
				ASSETCATALOG_COMPILER_APPICON_NAME = AppIcon;
				CODE_SIGN_STYLE = Automatic;
				DEVELOPMENT_TEAM = Y65JAZKR5L;
				INFOPLIST_FILE = GoodWeather/Info.plist;
				LD_RUNPATH_SEARCH_PATHS = (
					"$(inherited)",
					"@executable_path/Frameworks",
				);
				PRODUCT_BUNDLE_IDENTIFIER = com.devemeist3r.GoodWeather;
				PRODUCT_NAME = "$(TARGET_NAME)";
				SWIFT_VERSION = 5.0;
				TARGETED_DEVICE_FAMILY = "1,2";
			};
			name = Release;
		};
		ED51F2AF2412EBEF002A0ABB /* Debug */ = {
			isa = XCBuildConfiguration;
			buildSettings = {
				BUNDLE_LOADER = "$(TEST_HOST)";
				CODE_SIGN_STYLE = Automatic;
				DEVELOPMENT_TEAM = Y65JAZKR5L;
				INFOPLIST_FILE = GoodWeatherTests/Info.plist;
				LD_RUNPATH_SEARCH_PATHS = (
					"$(inherited)",
					"@executable_path/Frameworks",
					"@loader_path/Frameworks",
				);
				PRODUCT_BUNDLE_IDENTIFIER = br.com.devmeist3r.GoodWeatherTests;
				PRODUCT_NAME = "$(TARGET_NAME)";
				SWIFT_VERSION = 5.0;
				TARGETED_DEVICE_FAMILY = "1,2";
				TEST_HOST = "$(BUILT_PRODUCTS_DIR)/GoodWeather.app/GoodWeather";
			};
			name = Debug;
		};
		ED51F2B02412EBEF002A0ABB /* Release */ = {
			isa = XCBuildConfiguration;
			buildSettings = {
				BUNDLE_LOADER = "$(TEST_HOST)";
				CODE_SIGN_STYLE = Automatic;
				DEVELOPMENT_TEAM = Y65JAZKR5L;
				INFOPLIST_FILE = GoodWeatherTests/Info.plist;
				LD_RUNPATH_SEARCH_PATHS = (
					"$(inherited)",
					"@executable_path/Frameworks",
					"@loader_path/Frameworks",
				);
				PRODUCT_BUNDLE_IDENTIFIER = br.com.devmeist3r.GoodWeatherTests;
				PRODUCT_NAME = "$(TARGET_NAME)";
				SWIFT_VERSION = 5.0;
				TARGETED_DEVICE_FAMILY = "1,2";
				TEST_HOST = "$(BUILT_PRODUCTS_DIR)/GoodWeather.app/GoodWeather";
			};
			name = Release;
		};
/* End XCBuildConfiguration section */

/* Begin XCConfigurationList section */
		E8616B08237F6DB900D7E1AA /* Build configuration list for PBXProject "GoodWeather" */ = {
			isa = XCConfigurationList;
			buildConfigurations = (
				E8616B1F237F6DBB00D7E1AA /* Debug */,
				E8616B20237F6DBB00D7E1AA /* Release */,
			);
			defaultConfigurationIsVisible = 0;
			defaultConfigurationName = Release;
		};
		E8616B21237F6DBB00D7E1AA /* Build configuration list for PBXNativeTarget "GoodWeather" */ = {
			isa = XCConfigurationList;
			buildConfigurations = (
				E8616B22237F6DBB00D7E1AA /* Debug */,
				E8616B23237F6DBB00D7E1AA /* Release */,
			);
			defaultConfigurationIsVisible = 0;
			defaultConfigurationName = Release;
		};
		ED51F2B12412EBEF002A0ABB /* Build configuration list for PBXNativeTarget "GoodWeatherTests" */ = {
			isa = XCConfigurationList;
			buildConfigurations = (
				ED51F2AF2412EBEF002A0ABB /* Debug */,
				ED51F2B02412EBEF002A0ABB /* Release */,
			);
			defaultConfigurationIsVisible = 0;
			defaultConfigurationName = Release;
		};
/* End XCConfigurationList section */
	};
	rootObject = E8616B05237F6DB900D7E1AA /* Project object */;
}
